
Microsoft Visual Studio Solution File, Format Version 12.00
# Visual Studio Version 17
VisualStudioVersion = 17.0.32112.339
MinimumVisualStudioVersion = 10.0.40219.1
Project("{9A19103F-16F7-4668-BE54-9A1E7A4F7556}") = "Assistant", "Assistant\Assistant.csproj", "{2C28E0E0-4C7D-44CA-A9BE-D95A1F1D17B6}"
	ProjectSection(ProjectDependencies) = postProject
		{34A594D4-796F-4A2E-B236-D654C1F0985D} = {34A594D4-796F-4A2E-B236-D654C1F0985D}
	EndProjectSection
EndProject
Project("{FAE04EC0-301F-11D3-BF4B-00C04F79EFBC}") = "Application", "Application\Application.csproj", "{2ECEC3F1-41C7-49CE-8284-CD500E6262C0}"
	ProjectSection(ProjectDependencies) = postProject
		{82125ADD-7292-41FF-9A79-37FEEFF9DC9D} = {82125ADD-7292-41FF-9A79-37FEEFF9DC9D}
	EndProjectSection
EndProject
Project("{FAE04EC0-301F-11D3-BF4B-00C04F79EFBC}") = "Domain", "Domain\Domain.csproj", "{82125ADD-7292-41FF-9A79-37FEEFF9DC9D}"
EndProject
Project("{FAE04EC0-301F-11D3-BF4B-00C04F79EFBC}") = "Infrastructure", "Infrastructure\Infrastructure.csproj", "{34A594D4-796F-4A2E-B236-D654C1F0985D}"
	ProjectSection(ProjectDependencies) = postProject
		{2ECEC3F1-41C7-49CE-8284-CD500E6262C0} = {2ECEC3F1-41C7-49CE-8284-CD500E6262C0}
	EndProjectSection
EndProject
Global
	GlobalSection(SolutionConfigurationPlatforms) = preSolution
		Debug|Any CPU = Debug|Any CPU
		Release|Any CPU = Release|Any CPU
	EndGlobalSection
	GlobalSection(ProjectConfigurationPlatforms) = postSolution
		{2C28E0E0-4C7D-44CA-A9BE-D95A1F1D17B6}.Debug|Any CPU.ActiveCfg = Debug|Any CPU
		{2C28E0E0-4C7D-44CA-A9BE-D95A1F1D17B6}.Debug|Any CPU.Build.0 = Debug|Any CPU
		{2C28E0E0-4C7D-44CA-A9BE-D95A1F1D17B6}.Release|Any CPU.ActiveCfg = Release|Any CPU
		{2C28E0E0-4C7D-44CA-A9BE-D95A1F1D17B6}.Release|Any CPU.Build.0 = Release|Any CPU
		{2ECEC3F1-41C7-49CE-8284-CD500E6262C0}.Debug|Any CPU.ActiveCfg = Debug|Any CPU
		{2ECEC3F1-41C7-49CE-8284-CD500E6262C0}.Debug|Any CPU.Build.0 = Debug|Any CPU
		{2ECEC3F1-41C7-49CE-8284-CD500E6262C0}.Release|Any CPU.ActiveCfg = Release|Any CPU
		{2ECEC3F1-41C7-49CE-8284-CD500E6262C0}.Release|Any CPU.Build.0 = Release|Any CPU
		{82125ADD-7292-41FF-9A79-37FEEFF9DC9D}.Debug|Any CPU.ActiveCfg = Debug|Any CPU
		{82125ADD-7292-41FF-9A79-37FEEFF9DC9D}.Debug|Any CPU.Build.0 = Debug|Any CPU
		{82125ADD-7292-41FF-9A79-37FEEFF9DC9D}.Release|Any CPU.ActiveCfg = Release|Any CPU
		{82125ADD-7292-41FF-9A79-37FEEFF9DC9D}.Release|Any CPU.Build.0 = Release|Any CPU
		{34A594D4-796F-4A2E-B236-D654C1F0985D}.Debug|Any CPU.ActiveCfg = Debug|Any CPU
		{34A594D4-796F-4A2E-B236-D654C1F0985D}.Debug|Any CPU.Build.0 = Debug|Any CPU
		{34A594D4-796F-4A2E-B236-D654C1F0985D}.Release|Any CPU.ActiveCfg = Release|Any CPU
		{34A594D4-796F-4A2E-B236-D654C1F0985D}.Release|Any CPU.Build.0 = Release|Any CPU
	EndGlobalSection
	GlobalSection(SolutionProperties) = preSolution
		HideSolutionNode = FALSE
	EndGlobalSection
	GlobalSection(ExtensibilityGlobals) = postSolution
		SolutionGuid = {2D6622D6-D122-478A-8165-2DE25A46A4F1}
	EndGlobalSection
EndGlobal
